{
<<<<<<< HEAD
  "name": "addo",
=======
  "name": "addo.models",
>>>>>>> 152a899ff61ac051cc1cf9bfc5fa3ac4044920a1
  "version": "1.0.0",
  "lockfileVersion": 1,
  "requires": true,
  "dependencies": {
    "ts-guid": {
      "version": "1.0.11",
      "resolved": "https://registry.npmjs.org/ts-guid/-/ts-guid-1.0.11.tgz",
<<<<<<< HEAD
      "integrity": "sha512-+Kr6DD0xvJWIEbZ4xb3wXSbeon5CmNGMlF0ugyYik6e9n5j15N1swfpDiBruUqus65JjrdaF34i9DJY+GyuCXw==",
      "dev": true
=======
      "integrity": "sha512-+Kr6DD0xvJWIEbZ4xb3wXSbeon5CmNGMlF0ugyYik6e9n5j15N1swfpDiBruUqus65JjrdaF34i9DJY+GyuCXw=="
>>>>>>> 152a899ff61ac051cc1cf9bfc5fa3ac4044920a1
    }
  }
}
